{
  "name": "digital-identity-network",
  "version": "0.0.1",
  "lockfileVersion": 1,
  "requires": true,
  "dependencies": {
    "express-validator": {
      "version": "5.1.2",
      "resolved": "https://registry.npmjs.org/express-validator/-/express-validator-5.1.2.tgz",
      "integrity": "sha512-dzPMpwBk/nGbF6Tj9HssTB+4q2mWl/w8ydEyBxJwAwIQAbcF0QqXEloCg5XFxtKcrMCzMw/6k/7fEbOiSo0SSw==",
      "requires": {
        "lodash": "4.17.10",
        "validator": "9.4.1"
      }
    },
    "lodash": {
      "version": "4.17.10",
      "resolved": "https://registry.npmjs.org/lodash/-/lodash-4.17.10.tgz",
      "integrity": "sha512-UejweD1pDoXu+AD825lWwp4ZGtSwgnpZxb3JDViD7StjQz+Nb/6l093lx4OQ0foGWNRoc19mWy7BzL+UAK2iVg=="
    },
    "validator": {
      "version": "9.4.1",
      "resolved": "https://registry.npmjs.org/validator/-/validator-9.4.1.tgz",
      "integrity": "sha512-YV5KjzvRmSyJ1ee/Dm5UED0G+1L4GZnLN3w6/T+zZm8scVua4sOhYKWTUrKa0H/tMiJyO9QLHMPN+9mB/aMunA=="
    }
  }
}
